{
  "lockfile_version": "1",
  "packages": {
    "github:NixOS/nixpkgs/nixpkgs-unstable": {
      "last_modified": "2026-07-20T13:48:30Z",
      "resolved": "github:NixOS/nixpkgs/421eebfd0ec7bccd4abe826ce62d7e6e83129493?lastModified=1784555310&narHash=sha256-%2FFCliTPgiuV1owejZFNx3Ch9irdvkOfOFl%2BHHZ%2BDrtM%3D"
    },
    "nodejs@26": {
      "last_modified": "2026-08-06T00:10:29Z",
      "plugin_version": "0.0.4",
      "resolved": "github:NixOS/nixpkgs/70ce234312134a463ba7728e94da2486a1d237ac#nodejs_26",
      "source": "devbox-search",
      "version": "26.7.0",
      "systems": {
        "aarch64-darwin": {
          "outputs": [
            {
              "name": "out",
              "path": "/nix/store/f7n3say8yjkjcqqcik422kcvjagdvp8c-nodejs-26.7.0",
              "default": true
            }
          ],
          "store_path": "/nix/store/f7n3say8yjkjcqqcik422kcvjagdvp8c-nodejs-26.7.0"
        },
        "aarch64-linux": {
          "outputs": [
            {
              "name": "out",
              "path": "/nix/store/i466p6dl3yfmlpd83zl0pvd8gzjh5yj4-nodejs-26.7.0",
              "default": true
            }
          ],
          "store_path": "/nix/store/i466p6dl3yfmlpd83zl0pvd8gzjh5yj4-nodejs-26.7.0"
        },
        "x86_64-linux": {
          "outputs": [
            {
              "name": "out",
              "path": "/nix/store/jbr8baiszp449aacg17k0z59bs3v48as-nodejs-26.7.0",
              "default": true
            }
          ],
          "store_path": "/nix/store/jbr8baiszp449aacg17k0z59bs3v48as-nodejs-26.7.0"
        }
      }
    }
  }
}
